
Microsoft Visual Studio Solution File, Format Version 12.00
# Visual Studio Version 16
VisualStudioVersion = 16.0.29613.14
MinimumVisualStudioVersion = 10.0.40219.1
Project("{FAE04EC0-301F-11D3-BF4B-00C04F79EFBC}") = "Matrizes", "Matrizes\Matrizes.csproj", "{4D306511-5E26-4E8E-A104-AE98B87BF5AD}"
EndProject
Global
	GlobalSection(SolutionConfigurationPlatforms) = preSolution
		Debug|Any CPU = Debug|Any CPU
		Release|Any CPU = Release|Any CPU
	EndGlobalSection
	GlobalSection(ProjectConfigurationPlatforms) = postSolution
		{4D306511-5E26-4E8E-A104-AE98B87BF5AD}.Debug|Any CPU.ActiveCfg = Debug|Any CPU
		{4D306511-5E26-4E8E-A104-AE98B87BF5AD}.Debug|Any CPU.Build.0 = Debug|Any CPU
		{4D306511-5E26-4E8E-A104-AE98B87BF5AD}.Release|Any CPU.ActiveCfg = Release|Any CPU
		{4D306511-5E26-4E8E-A104-AE98B87BF5AD}.Release|Any CPU.Build.0 = Release|Any CPU
	EndGlobalSection
	GlobalSection(SolutionProperties) = preSolution
		HideSolutionNode = FALSE
	EndGlobalSection
	GlobalSection(ExtensibilityGlobals) = postSolution
		SolutionGuid = {A5B344A9-EE83-4E1F-89E6-0A2D3F1968FF}
	EndGlobalSection
EndGlobal
